// !$*UTF8*$!
{
	archiveVersion = 1;
	classes = {
	};
	objectVersion = 55;
	objects = {

/* Begin PBXBuildFile section */
		0C1C10AE64DBA83B880569C2 /* Pods_PlannerApp.framework in Frameworks */ = {isa = PBXBuildFile; fileRef = AD0BFCFFB53EE47B91FD1E92 /* Pods_PlannerApp.framework */; };
		5B239A182814D071007DD468 /* Model.swift in Sources */ = {isa = PBXBuildFile; fileRef = 5B239A172814D070007DD468 /* Model.swift */; };
		5B5175F328FE66FB00269828 /* NetworkManager.swift in Sources */ = {isa = PBXBuildFile; fileRef = 5B5175F228FE66FB00269828 /* NetworkManager.swift */; };
		5B5175F528FE71AD00269828 /* CustomErrors.swift in Sources */ = {isa = PBXBuildFile; fileRef = 5B5175F428FE71AD00269828 /* CustomErrors.swift */; };
		5B62E28F29C2A632002147FA /* ImageCache.swift in Sources */ = {isa = PBXBuildFile; fileRef = 5B62E28E29C2A632002147FA /* ImageCache.swift */; };
		5B84B80F2813471800CA53CB /* LoginViewController.swift in Sources */ = {isa = PBXBuildFile; fileRef = 5B84B80E2813471800CA53CB /* LoginViewController.swift */; };
		5B84B8112813472C00CA53CB /* SignUpViewController.swift in Sources */ = {isa = PBXBuildFile; fileRef = 5B84B8102813472C00CA53CB /* SignUpViewController.swift */; };
		5B84B813281352BF00CA53CB /* TaskViewController.swift in Sources */ = {isa = PBXBuildFile; fileRef = 5B84B812281352BF00CA53CB /* TaskViewController.swift */; };
		5B84B819281361F100CA53CB /* TaskTableViewCell.swift in Sources */ = {isa = PBXBuildFile; fileRef = 5B84B818281361F100CA53CB /* TaskTableViewCell.swift */; };
		5B84B81B28136E4D00CA53CB /* AddTaskViewController.swift in Sources */ = {isa = PBXBuildFile; fileRef = 5B84B81A28136E4D00CA53CB /* AddTaskViewController.swift */; };
		5B84B81D28136E5C00CA53CB /* AddCatViewController.swift in Sources */ = {isa = PBXBuildFile; fileRef = 5B84B81C28136E5C00CA53CB /* AddCatViewController.swift */; };
		5B9B7D0929B6CBE9007E50E2 /* GoogleService-Info.plist in Resources */ = {isa = PBXBuildFile; fileRef = 5B9B7D0829B6CBE9007E50E2 /* GoogleService-Info.plist */; };
		5BEF823E28D2F6C400510FA9 /* UserManager.swift in Sources */ = {isa = PBXBuildFile; fileRef = 5BEF823D28D2F6C400510FA9 /* UserManager.swift */; };
		5BEF824028D3057800510FA9 /* ManagerFactory.swift in Sources */ = {isa = PBXBuildFile; fileRef = 5BEF823F28D3057800510FA9 /* ManagerFactory.swift */; };
		5BEF824228D30C8A00510FA9 /* ErrorManager.swift in Sources */ = {isa = PBXBuildFile; fileRef = 5BEF824128D30C8A00510FA9 /* ErrorManager.swift */; };
		5BF0063527E845FF00F35909 /* AppDelegate.swift in Sources */ = {isa = PBXBuildFile; fileRef = 5BF0063427E845FF00F35909 /* AppDelegate.swift */; };
		5BF0063727E845FF00F35909 /* SceneDelegate.swift in Sources */ = {isa = PBXBuildFile; fileRef = 5BF0063627E845FF00F35909 /* SceneDelegate.swift */; };
		5BF0063927E845FF00F35909 /* ViewController.swift in Sources */ = {isa = PBXBuildFile; fileRef = 5BF0063827E845FF00F35909 /* ViewController.swift */; };
		5BF0063C27E845FF00F35909 /* Main.storyboard in Resources */ = {isa = PBXBuildFile; fileRef = 5BF0063A27E845FF00F35909 /* Main.storyboard */; };
		5BF0063F27E845FF00F35909 /* PlannerApp.xcdatamodeld in Sources */ = {isa = PBXBuildFile; fileRef = 5BF0063D27E845FF00F35909 /* PlannerApp.xcdatamodeld */; };
		5BF0064127E845FF00F35909 /* Assets.xcassets in Resources */ = {isa = PBXBuildFile; fileRef = 5BF0064027E845FF00F35909 /* Assets.xcassets */; };
		5BF0064427E845FF00F35909 /* LaunchScreen.storyboard in Resources */ = {isa = PBXBuildFile; fileRef = 5BF0064227E845FF00F35909 /* LaunchScreen.storyboard */; };
/* End PBXBuildFile section */

/* Begin PBXFileReference section */
		43313A980D76E3376F6C5885 /* Pods-PlannerApp.release.xcconfig */ = {isa = PBXFileReference; includeInIndex = 1; lastKnownFileType = text.xcconfig; name = "Pods-PlannerApp.release.xcconfig"; path = "Target Support Files/Pods-PlannerApp/Pods-PlannerApp.release.xcconfig"; sourceTree = "<group>"; };
		5B239A172814D070007DD468 /* Model.swift */ = {isa = PBXFileReference; lastKnownFileType = sourcecode.swift; path = Model.swift; sourceTree = "<group>"; };
		5B5175F228FE66FB00269828 /* NetworkManager.swift */ = {isa = PBXFileReference; lastKnownFileType = sourcecode.swift; path = NetworkManager.swift; sourceTree = "<group>"; };
		5B5175F428FE71AD00269828 /* CustomErrors.swift */ = {isa = PBXFileReference; lastKnownFileType = sourcecode.swift; path = CustomErrors.swift; sourceTree = "<group>"; };
		5B62E28E29C2A632002147FA /* ImageCache.swift */ = {isa = PBXFileReference; lastKnownFileType = sourcecode.swift; path = ImageCache.swift; sourceTree = "<group>"; };
		5B84B80E2813471800CA53CB /* LoginViewController.swift */ = {isa = PBXFileReference; lastKnownFileType = sourcecode.swift; path = LoginViewController.swift; sourceTree = "<group>"; };
		5B84B8102813472C00CA53CB /* SignUpViewController.swift */ = {isa = PBXFileReference; lastKnownFileType = sourcecode.swift; path = SignUpViewController.swift; sourceTree = "<group>"; };
		5B84B812281352BF00CA53CB /* TaskViewController.swift */ = {isa = PBXFileReference; lastKnownFileType = sourcecode.swift; path = TaskViewController.swift; sourceTree = "<group>"; };
		5B84B818281361F100CA53CB /* TaskTableViewCell.swift */ = {isa = PBXFileReference; lastKnownFileType = sourcecode.swift; path = TaskTableViewCell.swift; sourceTree = "<group>"; };
		5B84B81A28136E4D00CA53CB /* AddTaskViewController.swift */ = {isa = PBXFileReference; lastKnownFileType = sourcecode.swift; path = AddTaskViewController.swift; sourceTree = "<group>"; };
		5B84B81C28136E5C00CA53CB /* AddCatViewController.swift */ = {isa = PBXFileReference; lastKnownFileType = sourcecode.swift; path = AddCatViewController.swift; sourceTree = "<group>"; };
		5B9B7D0829B6CBE9007E50E2 /* GoogleService-Info.plist */ = {isa = PBXFileReference; fileEncoding = 4; lastKnownFileType = text.plist.xml; path = "GoogleService-Info.plist"; sourceTree = "<group>"; };
		5BEF823D28D2F6C400510FA9 /* UserManager.swift */ = {isa = PBXFileReference; lastKnownFileType = sourcecode.swift; path = UserManager.swift; sourceTree = "<group>"; };
		5BEF823F28D3057800510FA9 /* ManagerFactory.swift */ = {isa = PBXFileReference; lastKnownFileType = sourcecode.swift; path = ManagerFactory.swift; sourceTree = "<group>"; };
		5BEF824128D30C8A00510FA9 /* ErrorManager.swift */ = {isa = PBXFileReference; lastKnownFileType = sourcecode.swift; path = ErrorManager.swift; sourceTree = "<group>"; };
		5BF0063127E845FF00F35909 /* PlannerApp.app */ = {isa = PBXFileReference; explicitFileType = wrapper.application; includeInIndex = 0; path = PlannerApp.app; sourceTree = BUILT_PRODUCTS_DIR; };
		5BF0063427E845FF00F35909 /* AppDelegate.swift */ = {isa = PBXFileReference; lastKnownFileType = sourcecode.swift; path = AppDelegate.swift; sourceTree = "<group>"; };
		5BF0063627E845FF00F35909 /* SceneDelegate.swift */ = {isa = PBXFileReference; lastKnownFileType = sourcecode.swift; path = SceneDelegate.swift; sourceTree = "<group>"; };
		5BF0063827E845FF00F35909 /* ViewController.swift */ = {isa = PBXFileReference; lastKnownFileType = sourcecode.swift; path = ViewController.swift; sourceTree = "<group>"; };
		5BF0063B27E845FF00F35909 /* Base */ = {isa = PBXFileReference; lastKnownFileType = file.storyboard; name = Base; path = Base.lproj/Main.storyboard; sourceTree = "<group>"; };
		5BF0063E27E845FF00F35909 /* PlannerApp.xcdatamodel */ = {isa = PBXFileReference; lastKnownFileType = wrapper.xcdatamodel; path = PlannerApp.xcdatamodel; sourceTree = "<group>"; };
		5BF0064027E845FF00F35909 /* Assets.xcassets */ = {isa = PBXFileReference; lastKnownFileType = folder.assetcatalog; path = Assets.xcassets; sourceTree = "<group>"; };
		5BF0064327E845FF00F35909 /* Base */ = {isa = PBXFileReference; lastKnownFileType = file.storyboard; name = Base; path = Base.lproj/LaunchScreen.storyboard; sourceTree = "<group>"; };
		5BF0064527E845FF00F35909 /* Info.plist */ = {isa = PBXFileReference; lastKnownFileType = text.plist.xml; path = Info.plist; sourceTree = "<group>"; };
		7EDF764748A2CE16E2FB2C79 /* Pods-PlannerApp.debug.xcconfig */ = {isa = PBXFileReference; includeInIndex = 1; lastKnownFileType = text.xcconfig; name = "Pods-PlannerApp.debug.xcconfig"; path = "Target Support Files/Pods-PlannerApp/Pods-PlannerApp.debug.xcconfig"; sourceTree = "<group>"; };
		AD0BFCFFB53EE47B91FD1E92 /* Pods_PlannerApp.framework */ = {isa = PBXFileReference; explicitFileType = wrapper.framework; includeInIndex = 0; path = Pods_PlannerApp.framework; sourceTree = BUILT_PRODUCTS_DIR; };
/* End PBXFileReference section */

/* Begin PBXFrameworksBuildPhase section */
		5BF0062E27E845FF00F35909 /* Frameworks */ = {
			isa = PBXFrameworksBuildPhase;
			buildActionMask = 2147483647;
			files = (
				0C1C10AE64DBA83B880569C2 /* Pods_PlannerApp.framework in Frameworks */,
			);
			runOnlyForDeploymentPostprocessing = 0;
		};
/* End PBXFrameworksBuildPhase section */

/* Begin PBXGroup section */
		5B84B8162813605000CA53CB /* Model */ = {
			isa = PBXGroup;
			children = (
				5B239A172814D070007DD468 /* Model.swift */,
				5B5175F428FE71AD00269828 /* CustomErrors.swift */,
				5B62E28E29C2A632002147FA /* ImageCache.swift */,
			);
			path = Model;
			sourceTree = "<group>";
		};
		5B84B8172813605E00CA53CB /* Controllers */ = {
			isa = PBXGroup;
			children = (
				5BF0063827E845FF00F35909 /* ViewController.swift */,
				5B84B812281352BF00CA53CB /* TaskViewController.swift */,
				5B84B80E2813471800CA53CB /* LoginViewController.swift */,
				5B84B8102813472C00CA53CB /* SignUpViewController.swift */,
				5B84B818281361F100CA53CB /* TaskTableViewCell.swift */,
				5B84B81A28136E4D00CA53CB /* AddTaskViewController.swift */,
				5B84B81C28136E5C00CA53CB /* AddCatViewController.swift */,
			);
			path = Controllers;
			sourceTree = "<group>";
		};
		5BEF823C28D2F6A600510FA9 /* Managers */ = {
			isa = PBXGroup;
			children = (
				5BEF823D28D2F6C400510FA9 /* UserManager.swift */,
				5BEF824128D30C8A00510FA9 /* ErrorManager.swift */,
				5B5175F228FE66FB00269828 /* NetworkManager.swift */,
				5BEF823F28D3057800510FA9 /* ManagerFactory.swift */,
			);
			path = Managers;
			sourceTree = "<group>";
		};
		5BF0062827E845FE00F35909 = {
			isa = PBXGroup;
			children = (
				5BF0063327E845FF00F35909 /* PlannerApp */,
				5BF0063227E845FF00F35909 /* Products */,
				869D0DF94F67C4E437960A9F /* Pods */,
				B67D920FCBFE4CE01B92D8EA /* Frameworks */,
			);
			sourceTree = "<group>";
		};
		5BF0063227E845FF00F35909 /* Products */ = {
			isa = PBXGroup;
			children = (
				5BF0063127E845FF00F35909 /* PlannerApp.app */,
			);
			name = Products;
			sourceTree = "<group>";
		};
		5BF0063327E845FF00F35909 /* PlannerApp */ = {
			isa = PBXGroup;
			children = (
				5B84B8172813605E00CA53CB /* Controllers */,
				5BEF823C28D2F6A600510FA9 /* Managers */,
				5B84B8162813605000CA53CB /* Model */,
				5BF0063427E845FF00F35909 /* AppDelegate.swift */,
				5BF0063627E845FF00F35909 /* SceneDelegate.swift */,
				5BF0063A27E845FF00F35909 /* Main.storyboard */,
				5BF0064027E845FF00F35909 /* Assets.xcassets */,
				5BF0064227E845FF00F35909 /* LaunchScreen.storyboard */,
				5BF0064527E845FF00F35909 /* Info.plist */,
				5BF0063D27E845FF00F35909 /* PlannerApp.xcdatamodeld */,
				5B9B7D0829B6CBE9007E50E2 /* GoogleService-Info.plist */,
			);
			path = PlannerApp;
			sourceTree = "<group>";
		};
		869D0DF94F67C4E437960A9F /* Pods */ = {
			isa = PBXGroup;
			children = (
				7EDF764748A2CE16E2FB2C79 /* Pods-PlannerApp.debug.xcconfig */,
				43313A980D76E3376F6C5885 /* Pods-PlannerApp.release.xcconfig */,
			);
			path = Pods;
			sourceTree = "<group>";
		};
		B67D920FCBFE4CE01B92D8EA /* Frameworks */ = {
			isa = PBXGroup;
			children = (
				AD0BFCFFB53EE47B91FD1E92 /* Pods_PlannerApp.framework */,
			);
			name = Frameworks;
			sourceTree = "<group>";
		};
/* End PBXGroup section */

/* Begin PBXNativeTarget section */
		5BF0063027E845FF00F35909 /* PlannerApp */ = {
			isa = PBXNativeTarget;
			buildConfigurationList = 5BF0064827E845FF00F35909 /* Build configuration list for PBXNativeTarget "PlannerApp" */;
			buildPhases = (
				079958FCED1AB76840BDD183 /* [CP] Check Pods Manifest.lock */,
				5BF0062D27E845FF00F35909 /* Sources */,
				5BF0062E27E845FF00F35909 /* Frameworks */,
				5BF0062F27E845FF00F35909 /* Resources */,
				4D3E0DECA61C9A4575C86F8A /* [CP] Embed Pods Frameworks */,
			);
			buildRules = (
			);
			dependencies = (
			);
			name = PlannerApp;
			productName = PlannerApp;
			productReference = 5BF0063127E845FF00F35909 /* PlannerApp.app */;
			productType = "com.apple.product-type.application";
		};
/* End PBXNativeTarget section */

/* Begin PBXProject section */
		5BF0062927E845FE00F35909 /* Project object */ = {
			isa = PBXProject;
			attributes = {
				BuildIndependentTargetsInParallel = 1;
				LastSwiftUpdateCheck = 1320;
				LastUpgradeCheck = 1320;
				TargetAttributes = {
					5BF0063027E845FF00F35909 = {
						CreatedOnToolsVersion = 13.2.1;
					};
				};
			};
			buildConfigurationList = 5BF0062C27E845FE00F35909 /* Build configuration list for PBXProject "PlannerApp" */;
			compatibilityVersion = "Xcode 13.0";
			developmentRegion = en;
			hasScannedForEncodings = 0;
			knownRegions = (
				en,
				Base,
			);
			mainGroup = 5BF0062827E845FE00F35909;
			productRefGroup = 5BF0063227E845FF00F35909 /* Products */;
			projectDirPath = "";
			projectRoot = "";
			targets = (
				5BF0063027E845FF00F35909 /* PlannerApp */,
			);
		};
/* End PBXProject section */

/* Begin PBXResourcesBuildPhase section */
		5BF0062F27E845FF00F35909 /* Resources */ = {
			isa = PBXResourcesBuildPhase;
			buildActionMask = 2147483647;
			files = (
				5BF0064427E845FF00F35909 /* LaunchScreen.storyboard in Resources */,
				5B9B7D0929B6CBE9007E50E2 /* GoogleService-Info.plist in Resources */,
				5BF0064127E845FF00F35909 /* Assets.xcassets in Resources */,
				5BF0063C27E845FF00F35909 /* Main.storyboard in Resources */,
			);
			runOnlyForDeploymentPostprocessing = 0;
		};
/* End PBXResourcesBuildPhase section */

/* Begin PBXShellScriptBuildPhase section */
		079958FCED1AB76840BDD183 /* [CP] Check Pods Manifest.lock */ = {
			isa = PBXShellScriptBuildPhase;
			buildActionMask = 2147483647;
			files = (
			);
			inputFileListPaths = (
			);
			inputPaths = (
				"${PODS_PODFILE_DIR_PATH}/Podfile.lock",
				"${PODS_ROOT}/Manifest.lock",
			);
			name = "[CP] Check Pods Manifest.lock";
			outputFileListPaths = (
			);
			outputPaths = (
				"$(DERIVED_FILE_DIR)/Pods-PlannerApp-checkManifestLockResult.txt",
			);
			runOnlyForDeploymentPostprocessing = 0;
			shellPath = /bin/sh;
			shellScript = "diff \"${PODS_PODFILE_DIR_PATH}/Podfile.lock\" \"${PODS_ROOT}/Manifest.lock\" > /dev/null\nif [ $? != 0 ] ; then\n    # print error to STDERR\n    echo \"error: The sandbox is not in sync with the Podfile.lock. Run 'pod install' or update your CocoaPods installation.\" >&2\n    exit 1\nfi\n# This output is used by Xcode 'outputs' to avoid re-running this script phase.\necho \"SUCCESS\" > \"${SCRIPT_OUTPUT_FILE_0}\"\n";
			showEnvVarsInLog = 0;
		};
		4D3E0DECA61C9A4575C86F8A /* [CP] Embed Pods Frameworks */ = {
			isa = PBXShellScriptBuildPhase;
			buildActionMask = 2147483647;
			files = (
			);
			inputFileListPaths = (
				"${PODS_ROOT}/Target Support Files/Pods-PlannerApp/Pods-PlannerApp-frameworks-${CONFIGURATION}-input-files.xcfilelist",
			);
			name = "[CP] Embed Pods Frameworks";
			outputFileListPaths = (
				"${PODS_ROOT}/Target Support Files/Pods-PlannerApp/Pods-PlannerApp-frameworks-${CONFIGURATION}-output-files.xcfilelist",
			);
			runOnlyForDeploymentPostprocessing = 0;
			shellPath = /bin/sh;
			shellScript = "\"${PODS_ROOT}/Target Support Files/Pods-PlannerApp/Pods-PlannerApp-frameworks.sh\"\n";
			showEnvVarsInLog = 0;
		};
/* End PBXShellScriptBuildPhase section */

/* Begin PBXSourcesBuildPhase section */
		5BF0062D27E845FF00F35909 /* Sources */ = {
			isa = PBXSourcesBuildPhase;
			buildActionMask = 2147483647;
			files = (
				5B84B8112813472C00CA53CB /* SignUpViewController.swift in Sources */,
				5B5175F528FE71AD00269828 /* CustomErrors.swift in Sources */,
				5B62E28F29C2A632002147FA /* ImageCache.swift in Sources */,
				5B84B813281352BF00CA53CB /* TaskViewController.swift in Sources */,
				5BEF824228D30C8A00510FA9 /* ErrorManager.swift in Sources */,
				5BEF823E28D2F6C400510FA9 /* UserManager.swift in Sources */,
				5B84B819281361F100CA53CB /* TaskTableViewCell.swift in Sources */,
				5B84B81D28136E5C00CA53CB /* AddCatViewController.swift in Sources */,
				5BF0063F27E845FF00F35909 /* PlannerApp.xcdatamodeld in Sources */,
				5BF0063927E845FF00F35909 /* ViewController.swift in Sources */,
				5BF0063527E845FF00F35909 /* AppDelegate.swift in Sources */,
				5BEF824028D3057800510FA9 /* ManagerFactory.swift in Sources */,
				5B5175F328FE66FB00269828 /* NetworkManager.swift in Sources */,
				5B239A182814D071007DD468 /* Model.swift in Sources */,
				5B84B80F2813471800CA53CB /* LoginViewController.swift in Sources */,
				5BF0063727E845FF00F35909 /* SceneDelegate.swift in Sources */,
				5B84B81B28136E4D00CA53CB /* AddTaskViewController.swift in Sources */,
			);
			runOnlyForDeploymentPostprocessing = 0;
		};
/* End PBXSourcesBuildPhase section */

/* Begin PBXVariantGroup section */
		5BF0063A27E845FF00F35909 /* Main.storyboard */ = {
			isa = PBXVariantGroup;
			children = (
				5BF0063B27E845FF00F35909 /* Base */,
			);
			name = Main.storyboard;
			sourceTree = "<group>";
		};
		5BF0064227E845FF00F35909 /* LaunchScreen.storyboard */ = {
			isa = PBXVariantGroup;
			children = (
				5BF0064327E845FF00F35909 /* Base */,
			);
			name = LaunchScreen.storyboard;
			sourceTree = "<group>";
		};
/* End PBXVariantGroup section */

/* Begin XCBuildConfiguration section */
		5BF0064627E845FF00F35909 /* Debug */ = {
			isa = XCBuildConfiguration;
			buildSettings = {
				ALWAYS_SEARCH_USER_PATHS = NO;
				CLANG_ANALYZER_NONNULL = YES;
				CLANG_ANALYZER_NUMBER_OBJECT_CONVERSION = YES_AGGRESSIVE;
				CLANG_CXX_LANGUAGE_STANDARD = "gnu++17";
				CLANG_CXX_LIBRARY = "libc++";
				CLANG_ENABLE_MODULES = YES;
				CLANG_ENABLE_OBJC_ARC = YES;
				CLANG_ENABLE_OBJC_WEAK = YES;
				CLANG_WARN_BLOCK_CAPTURE_AUTORELEASING = YES;
				CLANG_WARN_BOOL_CONVERSION = YES;
				CLANG_WARN_COMMA = YES;
				CLANG_WARN_CONSTANT_CONVERSION = YES;
				CLANG_WARN_DEPRECATED_OBJC_IMPLEMENTATIONS = YES;
				CLANG_WARN_DIRECT_OBJC_ISA_USAGE = YES_ERROR;
				CLANG_WARN_DOCUMENTATION_COMMENTS = YES;
				CLANG_WARN_EMPTY_BODY = YES;
				CLANG_WARN_ENUM_CONVERSION = YES;
				CLANG_WARN_INFINITE_RECURSION = YES;
				CLANG_WARN_INT_CONVERSION = YES;
				CLANG_WARN_NON_LITERAL_NULL_CONVERSION = YES;
				CLANG_WARN_OBJC_IMPLICIT_RETAIN_SELF = YES;
				CLANG_WARN_OBJC_LITERAL_CONVERSION = YES;
				CLANG_WARN_OBJC_ROOT_CLASS = YES_ERROR;
				CLANG_WARN_QUOTED_INCLUDE_IN_FRAMEWORK_HEADER = YES;
				CLANG_WARN_RANGE_LOOP_ANALYSIS = YES;
				CLANG_WARN_STRICT_PROTOTYPES = YES;
				CLANG_WARN_SUSPICIOUS_MOVE = YES;
				CLANG_WARN_UNGUARDED_AVAILABILITY = YES_AGGRESSIVE;
				CLANG_WARN_UNREACHABLE_CODE = YES;
				CLANG_WARN__DUPLICATE_METHOD_MATCH = YES;
				COPY_PHASE_STRIP = NO;
				DEBUG_INFORMATION_FORMAT = dwarf;
				ENABLE_STRICT_OBJC_MSGSEND = YES;
				ENABLE_TESTABILITY = YES;
				GCC_C_LANGUAGE_STANDARD = gnu11;
				GCC_DYNAMIC_NO_PIC = NO;
				GCC_NO_COMMON_BLOCKS = YES;
				GCC_OPTIMIZATION_LEVEL = 0;
				GCC_PREPROCESSOR_DEFINITIONS = (
					"DEBUG=1",
					"$(inherited)",
				);
				GCC_WARN_64_TO_32_BIT_CONVERSION = YES;
				GCC_WARN_ABOUT_RETURN_TYPE = YES_ERROR;
				GCC_WARN_UNDECLARED_SELECTOR = YES;
				GCC_WARN_UNINITIALIZED_AUTOS = YES_AGGRESSIVE;
				GCC_WARN_UNUSED_FUNCTION = YES;
				GCC_WARN_UNUSED_VARIABLE = YES;
				IPHONEOS_DEPLOYMENT_TARGET = 15.2;
				MTL_ENABLE_DEBUG_INFO = INCLUDE_SOURCE;
				MTL_FAST_MATH = YES;
				ONLY_ACTIVE_ARCH = YES;
				SDKROOT = iphoneos;
				SWIFT_ACTIVE_COMPILATION_CONDITIONS = DEBUG;
				SWIFT_OPTIMIZATION_LEVEL = "-Onone";
			};
			name = Debug;
		};
		5BF0064727E845FF00F35909 /* Release */ = {
			isa = XCBuildConfiguration;
			buildSettings = {
				ALWAYS_SEARCH_USER_PATHS = NO;
				CLANG_ANALYZER_NONNULL = YES;
				CLANG_ANALYZER_NUMBER_OBJECT_CONVERSION = YES_AGGRESSIVE;
				CLANG_CXX_LANGUAGE_STANDARD = "gnu++17";
				CLANG_CXX_LIBRARY = "libc++";
				CLANG_ENABLE_MODULES = YES;
				CLANG_ENABLE_OBJC_ARC = YES;
				CLANG_ENABLE_OBJC_WEAK = YES;
				CLANG_WARN_BLOCK_CAPTURE_AUTORELEASING = YES;
				CLANG_WARN_BOOL_CONVERSION = YES;
				CLANG_WARN_COMMA = YES;
				CLANG_WARN_CONSTANT_CONVERSION = YES;
				CLANG_WARN_DEPRECATED_OBJC_IMPLEMENTATIONS = YES;
				CLANG_WARN_DIRECT_OBJC_ISA_USAGE = YES_ERROR;
				CLANG_WARN_DOCUMENTATION_COMMENTS = YES;
				CLANG_WARN_EMPTY_BODY = YES;
				CLANG_WARN_ENUM_CONVERSION = YES;
				CLANG_WARN_INFINITE_RECURSION = YES;
				CLANG_WARN_INT_CONVERSION = YES;
				CLANG_WARN_NON_LITERAL_NULL_CONVERSION = YES;
				CLANG_WARN_OBJC_IMPLICIT_RETAIN_SELF = YES;
				CLANG_WARN_OBJC_LITERAL_CONVERSION = YES;
				CLANG_WARN_OBJC_ROOT_CLASS = YES_ERROR;
				CLANG_WARN_QUOTED_INCLUDE_IN_FRAMEWORK_HEADER = YES;
				CLANG_WARN_RANGE_LOOP_ANALYSIS = YES;
				CLANG_WARN_STRICT_PROTOTYPES = YES;
				CLANG_WARN_SUSPICIOUS_MOVE = YES;
				CLANG_WARN_UNGUARDED_AVAILABILITY = YES_AGGRESSIVE;
				CLANG_WARN_UNREACHABLE_CODE = YES;
				CLANG_WARN__DUPLICATE_METHOD_MATCH = YES;
				COPY_PHASE_STRIP = NO;
				DEBUG_INFORMATION_FORMAT = "dwarf-with-dsym";
				ENABLE_NS_ASSERTIONS = NO;
				ENABLE_STRICT_OBJC_MSGSEND = YES;
				GCC_C_LANGUAGE_STANDARD = gnu11;
				GCC_NO_COMMON_BLOCKS = YES;
				GCC_WARN_64_TO_32_BIT_CONVERSION = YES;
				GCC_WARN_ABOUT_RETURN_TYPE = YES_ERROR;
				GCC_WARN_UNDECLARED_SELECTOR = YES;
				GCC_WARN_UNINITIALIZED_AUTOS = YES_AGGRESSIVE;
				GCC_WARN_UNUSED_FUNCTION = YES;
				GCC_WARN_UNUSED_VARIABLE = YES;
				IPHONEOS_DEPLOYMENT_TARGET = 15.2;
				MTL_ENABLE_DEBUG_INFO = NO;
				MTL_FAST_MATH = YES;
				SDKROOT = iphoneos;
				SWIFT_COMPILATION_MODE = wholemodule;
				SWIFT_OPTIMIZATION_LEVEL = "-O";
				VALIDATE_PRODUCT = YES;
			};
			name = Release;
		};
		5BF0064927E845FF00F35909 /* Debug */ = {
			isa = XCBuildConfiguration;
			baseConfigurationReference = 7EDF764748A2CE16E2FB2C79 /* Pods-PlannerApp.debug.xcconfig */;
			buildSettings = {
				ASSETCATALOG_COMPILER_APPICON_NAME = AppIcon;
				ASSETCATALOG_COMPILER_GLOBAL_ACCENT_COLOR_NAME = AccentColor;
				CODE_SIGN_IDENTITY = "Apple Development";
				CODE_SIGN_STYLE = Automatic;
				CURRENT_PROJECT_VERSION = 1;
				DEVELOPMENT_TEAM = FKFJL556XS;
				GENERATE_INFOPLIST_FILE = YES;
				INFOPLIST_FILE = PlannerApp/Info.plist;
				INFOPLIST_KEY_NSLocationAlwaysUsageDescription = "Application wants to use your location";
				INFOPLIST_KEY_NSLocationWhenInUseUsageDescription = "Application wants to use your location";
				INFOPLIST_KEY_UIApplicationSupportsIndirectInputEvents = YES;
				INFOPLIST_KEY_UILaunchStoryboardName = LaunchScreen;
				INFOPLIST_KEY_UIMainStoryboardFile = Main;
				INFOPLIST_KEY_UISupportedInterfaceOrientations_iPad = "UIInterfaceOrientationPortrait UIInterfaceOrientationPortraitUpsideDown UIInterfaceOrientationLandscapeLeft UIInterfaceOrientationLandscapeRight";
				INFOPLIST_KEY_UISupportedInterfaceOrientations_iPhone = "UIInterfaceOrientationPortrait UIInterfaceOrientationLandscapeLeft UIInterfaceOrientationLandscapeRight";
				LD_RUNPATH_SEARCH_PATHS = (
					"$(inherited)",
					"@executable_path/Frameworks",
				);
				MARKETING_VERSION = 1.0;
				PRODUCT_BUNDLE_IDENTIFIER = com.BlueArrow.PlannerApp;
				PRODUCT_NAME = "$(TARGET_NAME)";
				PROVISIONING_PROFILE_SPECIFIER = "";
				SWIFT_EMIT_LOC_STRINGS = YES;
				SWIFT_VERSION = 5.0;
				TARGETED_DEVICE_FAMILY = "1,2";
			};
			name = Debug;
		};
		5BF0064A27E845FF00F35909 /* Release */ = {
			isa = XCBuildConfiguration;
			baseConfigurationReference = 43313A980D76E3376F6C5885 /* Pods-PlannerApp.release.xcconfig */;
			buildSettings = {
				ASSETCATALOG_COMPILER_APPICON_NAME = AppIcon;
				ASSETCATALOG_COMPILER_GLOBAL_ACCENT_COLOR_NAME = AccentColor;
				CODE_SIGN_IDENTITY = "Apple Development";
				CODE_SIGN_STYLE = Automatic;
				CURRENT_PROJECT_VERSION = 1;
				DEVELOPMENT_TEAM = FKFJL556XS;
				GENERATE_INFOPLIST_FILE = YES;
				INFOPLIST_FILE = PlannerApp/Info.plist;
				INFOPLIST_KEY_NSLocationAlwaysUsageDescription = "Application wants to use your location";
				INFOPLIST_KEY_NSLocationWhenInUseUsageDescription = "Application wants to use your location";
				INFOPLIST_KEY_UIApplicationSupportsIndirectInputEvents = YES;
				INFOPLIST_KEY_UILaunchStoryboardName = LaunchScreen;
				INFOPLIST_KEY_UIMainStoryboardFile = Main;
				INFOPLIST_KEY_UISupportedInterfaceOrientations_iPad = "UIInterfaceOrientationPortrait UIInterfaceOrientationPortraitUpsideDown UIInterfaceOrientationLandscapeLeft UIInterfaceOrientationLandscapeRight";
				INFOPLIST_KEY_UISupportedInterfaceOrientations_iPhone = "UIInterfaceOrientationPortrait UIInterfaceOrientationLandscapeLeft UIInterfaceOrientationLandscapeRight";
				LD_RUNPATH_SEARCH_PATHS = (
					"$(inherited)",
					"@executable_path/Frameworks",
				);
				MARKETING_VERSION = 1.0;
				PRODUCT_BUNDLE_IDENTIFIER = com.BlueArrow.PlannerApp;
				PRODUCT_NAME = "$(TARGET_NAME)";
				PROVISIONING_PROFILE_SPECIFIER = "";
				SWIFT_EMIT_LOC_STRINGS = YES;
				SWIFT_VERSION = 5.0;
				TARGETED_DEVICE_FAMILY = "1,2";
			};
			name = Release;
		};
/* End XCBuildConfiguration section */

/* Begin XCConfigurationList section */
		5BF0062C27E845FE00F35909 /* Build configuration list for PBXProject "PlannerApp" */ = {
			isa = XCConfigurationList;
			buildConfigurations = (
				5BF0064627E845FF00F35909 /* Debug */,
				5BF0064727E845FF00F35909 /* Release */,
			);
			defaultConfigurationIsVisible = 0;
			defaultConfigurationName = Release;
		};
		5BF0064827E845FF00F35909 /* Build configuration list for PBXNativeTarget "PlannerApp" */ = {
			isa = XCConfigurationList;
			buildConfigurations = (
				5BF0064927E845FF00F35909 /* Debug */,
				5BF0064A27E845FF00F35909 /* Release */,
			);
			defaultConfigurationIsVisible = 0;
			defaultConfigurationName = Release;
		};
/* End XCConfigurationList section */

/* Begin XCVersionGroup section */
		5BF0063D27E845FF00F35909 /* PlannerApp.xcdatamodeld */ = {
			isa = XCVersionGroup;
			children = (
				5BF0063E27E845FF00F35909 /* PlannerApp.xcdatamodel */,
			);
			currentVersion = 5BF0063E27E845FF00F35909 /* PlannerApp.xcdatamodel */;
			path = PlannerApp.xcdatamodeld;
			sourceTree = "<group>";
			versionGroupType = wrapper.xcdatamodel;
		};
/* End XCVersionGroup section */
	};
	rootObject = 5BF0062927E845FE00F35909 /* Project object */;
}
